// !$*UTF8*$!
{
	archiveVersion = 1;
	classes = {
	};
	objectVersion = 50;
	objects = {

/* Begin PBXBuildFile section */
		2717C1002432A0E4003C6A29 /* QuestionnaireViewModel.swift in Sources */ = {isa = PBXBuildFile; fileRef = 2717C0FF2432A0E4003C6A29 /* QuestionnaireViewModel.swift */; };
		2717C1032432A3B2003C6A29 /* Question.swift in Sources */ = {isa = PBXBuildFile; fileRef = 2717C1022432A3B2003C6A29 /* Question.swift */; };
		2717C1072432A533003C6A29 /* Questionnaire.json in Resources */ = {isa = PBXBuildFile; fileRef = 2717C1062432A533003C6A29 /* Questionnaire.json */; };
		2717C1092432ABEC003C6A29 /* SendAnswersTableViewCell.swift in Sources */ = {isa = PBXBuildFile; fileRef = 2717C1082432ABEC003C6A29 /* SendAnswersTableViewCell.swift */; };
		27A2F0C4242E4790009A80D7 /* AppDelegate.swift in Sources */ = {isa = PBXBuildFile; fileRef = 27A2F0C3242E4790009A80D7 /* AppDelegate.swift */; };
		27A2F0CB242E4790009A80D7 /* Main.storyboard in Resources */ = {isa = PBXBuildFile; fileRef = 27A2F0C9242E4790009A80D7 /* Main.storyboard */; };
		27A2F0CD242E4791009A80D7 /* Assets.xcassets in Resources */ = {isa = PBXBuildFile; fileRef = 27A2F0CC242E4791009A80D7 /* Assets.xcassets */; };
		27A2F0D0242E4791009A80D7 /* LaunchScreen.storyboard in Resources */ = {isa = PBXBuildFile; fileRef = 27A2F0CE242E4791009A80D7 /* LaunchScreen.storyboard */; };
		27A2F0E1242E5909009A80D7 /* Feed.storyboard in Resources */ = {isa = PBXBuildFile; fileRef = 27A2F0E0242E5909009A80D7 /* Feed.storyboard */; };
		27A2F0E3242E591B009A80D7 /* Personal.storyboard in Resources */ = {isa = PBXBuildFile; fileRef = 27A2F0E2242E591B009A80D7 /* Personal.storyboard */; };
		27A2F0E5242E592D009A80D7 /* Questionnaire.storyboard in Resources */ = {isa = PBXBuildFile; fileRef = 27A2F0E4242E592D009A80D7 /* Questionnaire.storyboard */; };
		27A2F0E7242E5940009A80D7 /* More.storyboard in Resources */ = {isa = PBXBuildFile; fileRef = 27A2F0E6242E5940009A80D7 /* More.storyboard */; };
		27A2F0E9242E9820009A80D7 /* QuestionnaireViewController.swift in Sources */ = {isa = PBXBuildFile; fileRef = 27A2F0E8242E9820009A80D7 /* QuestionnaireViewController.swift */; };
		27A2F0EB242E9BF4009A80D7 /* PersonalViewController.swift in Sources */ = {isa = PBXBuildFile; fileRef = 27A2F0EA242E9BF4009A80D7 /* PersonalViewController.swift */; };
		27A2F0ED242E9C0F009A80D7 /* FeedViewController.swift in Sources */ = {isa = PBXBuildFile; fileRef = 27A2F0EC242E9C0F009A80D7 /* FeedViewController.swift */; };
		27A2F0EF242E9C1D009A80D7 /* MoreViewController.swift in Sources */ = {isa = PBXBuildFile; fileRef = 27A2F0EE242E9C1D009A80D7 /* MoreViewController.swift */; };
		27A2F0F2242F92BB009A80D7 /* QuestionTableViewCell.swift in Sources */ = {isa = PBXBuildFile; fileRef = 27A2F0F1242F92BB009A80D7 /* QuestionTableViewCell.swift */; };
		27A2F0F6242F9904009A80D7 /* CommonExtensions.swift in Sources */ = {isa = PBXBuildFile; fileRef = 27A2F0F5242F9903009A80D7 /* CommonExtensions.swift */; };
		27A2F0F8242F991C009A80D7 /* Utils.swift in Sources */ = {isa = PBXBuildFile; fileRef = 27A2F0F7242F991C009A80D7 /* Utils.swift */; };
		27A2F0FB242F99C4009A80D7 /* MHSlider.swift in Sources */ = {isa = PBXBuildFile; fileRef = 27A2F0FA242F99C4009A80D7 /* MHSlider.swift */; };
		6367B743242F8A1400388A6D /* FeedTableViewCell.swift in Sources */ = {isa = PBXBuildFile; fileRef = 6367B742242F8A1400388A6D /* FeedTableViewCell.swift */; };
		6367B745242F935800388A6D /* FeedDetailViewController.swift in Sources */ = {isa = PBXBuildFile; fileRef = 6367B744242F935800388A6D /* FeedDetailViewController.swift */; };
		6367B7472433FADD00388A6D /* SwiftDisclosureIndicator.swift in Sources */ = {isa = PBXBuildFile; fileRef = 6367B7462433FADD00388A6D /* SwiftDisclosureIndicator.swift */; };
		6367B7492433FC4100388A6D /* Profile.storyboard in Resources */ = {isa = PBXBuildFile; fileRef = 6367B7482433FC4100388A6D /* Profile.storyboard */; };
		6367B74B2433FC4D00388A6D /* Journal.storyboard in Resources */ = {isa = PBXBuildFile; fileRef = 6367B74A2433FC4D00388A6D /* Journal.storyboard */; };
		6367B74D2433FC5900388A6D /* Settings.storyboard in Resources */ = {isa = PBXBuildFile; fileRef = 6367B74C2433FC5900388A6D /* Settings.storyboard */; };
		6367B74F2433FC6C00388A6D /* Contact.storyboard in Resources */ = {isa = PBXBuildFile; fileRef = 6367B74E2433FC6C00388A6D /* Contact.storyboard */; };
		6367B75C2433FD3A00388A6D /* ContactViewController.swift in Sources */ = {isa = PBXBuildFile; fileRef = 6367B75B2433FD3A00388A6D /* ContactViewController.swift */; };
		6367B75E2433FD4500388A6D /* JournalViewController.swift in Sources */ = {isa = PBXBuildFile; fileRef = 6367B75D2433FD4500388A6D /* JournalViewController.swift */; };
		6367B7612433FD8F00388A6D /* ProfileViewController.swift in Sources */ = {isa = PBXBuildFile; fileRef = 6367B7602433FD8F00388A6D /* ProfileViewController.swift */; };
		6367B7632433FD9C00388A6D /* SettingsViewController.swift in Sources */ = {isa = PBXBuildFile; fileRef = 6367B7622433FD9C00388A6D /* SettingsViewController.swift */; };
		BED2B7EF243278DD0035C130 /* ExpandableListViewController.swift in Sources */ = {isa = PBXBuildFile; fileRef = BED2B7EE243278DD0035C130 /* ExpandableListViewController.swift */; };
		BED2B7F224327A000035C130 /* Advices.json in Resources */ = {isa = PBXBuildFile; fileRef = BED2B7F124327A000035C130 /* Advices.json */; };
		BED2B7F424327A110035C130 /* Messages.json in Resources */ = {isa = PBXBuildFile; fileRef = BED2B7F324327A110035C130 /* Messages.json */; };
		BED2B7F6243281A00035C130 /* ExpandableListCell.swift in Sources */ = {isa = PBXBuildFile; fileRef = BED2B7F5243281A00035C130 /* ExpandableListCell.swift */; };
/* End PBXBuildFile section */

/* Begin PBXFileReference section */
		2717C0FF2432A0E4003C6A29 /* QuestionnaireViewModel.swift */ = {isa = PBXFileReference; lastKnownFileType = sourcecode.swift; path = QuestionnaireViewModel.swift; sourceTree = "<group>"; };
		2717C1022432A3B2003C6A29 /* Question.swift */ = {isa = PBXFileReference; lastKnownFileType = sourcecode.swift; path = Question.swift; sourceTree = "<group>"; };
		2717C1062432A533003C6A29 /* Questionnaire.json */ = {isa = PBXFileReference; fileEncoding = 4; lastKnownFileType = text.json; path = Questionnaire.json; sourceTree = "<group>"; };
		2717C1082432ABEC003C6A29 /* SendAnswersTableViewCell.swift */ = {isa = PBXFileReference; lastKnownFileType = sourcecode.swift; path = SendAnswersTableViewCell.swift; sourceTree = "<group>"; };
		27A2F0C0242E4790009A80D7 /* Mental Health.app */ = {isa = PBXFileReference; explicitFileType = wrapper.application; includeInIndex = 0; path = "Mental Health.app"; sourceTree = BUILT_PRODUCTS_DIR; };
		27A2F0C3242E4790009A80D7 /* AppDelegate.swift */ = {isa = PBXFileReference; lastKnownFileType = sourcecode.swift; path = AppDelegate.swift; sourceTree = "<group>"; };
		27A2F0CA242E4790009A80D7 /* Base */ = {isa = PBXFileReference; lastKnownFileType = file.storyboard; name = Base; path = Base.lproj/Main.storyboard; sourceTree = "<group>"; };
		27A2F0CC242E4791009A80D7 /* Assets.xcassets */ = {isa = PBXFileReference; lastKnownFileType = folder.assetcatalog; path = Assets.xcassets; sourceTree = "<group>"; };
		27A2F0CF242E4791009A80D7 /* Base */ = {isa = PBXFileReference; lastKnownFileType = file.storyboard; name = Base; path = Base.lproj/LaunchScreen.storyboard; sourceTree = "<group>"; };
		27A2F0D1242E4791009A80D7 /* Info.plist */ = {isa = PBXFileReference; lastKnownFileType = text.plist.xml; path = Info.plist; sourceTree = "<group>"; };
		27A2F0E0242E5909009A80D7 /* Feed.storyboard */ = {isa = PBXFileReference; lastKnownFileType = file.storyboard; path = Feed.storyboard; sourceTree = "<group>"; };
		27A2F0E2242E591B009A80D7 /* Personal.storyboard */ = {isa = PBXFileReference; lastKnownFileType = file.storyboard; path = Personal.storyboard; sourceTree = "<group>"; };
		27A2F0E4242E592D009A80D7 /* Questionnaire.storyboard */ = {isa = PBXFileReference; lastKnownFileType = file.storyboard; path = Questionnaire.storyboard; sourceTree = "<group>"; };
		27A2F0E6242E5940009A80D7 /* More.storyboard */ = {isa = PBXFileReference; lastKnownFileType = file.storyboard; path = More.storyboard; sourceTree = "<group>"; };
		27A2F0E8242E9820009A80D7 /* QuestionnaireViewController.swift */ = {isa = PBXFileReference; lastKnownFileType = sourcecode.swift; path = QuestionnaireViewController.swift; sourceTree = "<group>"; };
		27A2F0EA242E9BF4009A80D7 /* PersonalViewController.swift */ = {isa = PBXFileReference; lastKnownFileType = sourcecode.swift; path = PersonalViewController.swift; sourceTree = "<group>"; };
		27A2F0EC242E9C0F009A80D7 /* FeedViewController.swift */ = {isa = PBXFileReference; lastKnownFileType = sourcecode.swift; path = FeedViewController.swift; sourceTree = "<group>"; };
		27A2F0EE242E9C1D009A80D7 /* MoreViewController.swift */ = {isa = PBXFileReference; lastKnownFileType = sourcecode.swift; path = MoreViewController.swift; sourceTree = "<group>"; };
		27A2F0F1242F92BB009A80D7 /* QuestionTableViewCell.swift */ = {isa = PBXFileReference; lastKnownFileType = sourcecode.swift; path = QuestionTableViewCell.swift; sourceTree = "<group>"; };
		27A2F0F5242F9903009A80D7 /* CommonExtensions.swift */ = {isa = PBXFileReference; lastKnownFileType = sourcecode.swift; path = CommonExtensions.swift; sourceTree = "<group>"; };
		27A2F0F7242F991C009A80D7 /* Utils.swift */ = {isa = PBXFileReference; lastKnownFileType = sourcecode.swift; path = Utils.swift; sourceTree = "<group>"; };
		27A2F0FA242F99C4009A80D7 /* MHSlider.swift */ = {isa = PBXFileReference; lastKnownFileType = sourcecode.swift; path = MHSlider.swift; sourceTree = "<group>"; };
		6367B742242F8A1400388A6D /* FeedTableViewCell.swift */ = {isa = PBXFileReference; lastKnownFileType = sourcecode.swift; path = FeedTableViewCell.swift; sourceTree = "<group>"; };
		6367B744242F935800388A6D /* FeedDetailViewController.swift */ = {isa = PBXFileReference; lastKnownFileType = sourcecode.swift; path = FeedDetailViewController.swift; sourceTree = "<group>"; };
		6367B7462433FADD00388A6D /* SwiftDisclosureIndicator.swift */ = {isa = PBXFileReference; lastKnownFileType = sourcecode.swift; path = SwiftDisclosureIndicator.swift; sourceTree = "<group>"; };
		6367B7482433FC4100388A6D /* Profile.storyboard */ = {isa = PBXFileReference; lastKnownFileType = file.storyboard; path = Profile.storyboard; sourceTree = "<group>"; };
		6367B74A2433FC4D00388A6D /* Journal.storyboard */ = {isa = PBXFileReference; lastKnownFileType = file.storyboard; path = Journal.storyboard; sourceTree = "<group>"; };
		6367B74C2433FC5900388A6D /* Settings.storyboard */ = {isa = PBXFileReference; lastKnownFileType = file.storyboard; path = Settings.storyboard; sourceTree = "<group>"; };
		6367B74E2433FC6C00388A6D /* Contact.storyboard */ = {isa = PBXFileReference; lastKnownFileType = file.storyboard; path = Contact.storyboard; sourceTree = "<group>"; };
		6367B75B2433FD3A00388A6D /* ContactViewController.swift */ = {isa = PBXFileReference; lastKnownFileType = sourcecode.swift; path = ContactViewController.swift; sourceTree = "<group>"; };
		6367B75D2433FD4500388A6D /* JournalViewController.swift */ = {isa = PBXFileReference; lastKnownFileType = sourcecode.swift; path = JournalViewController.swift; sourceTree = "<group>"; };
		6367B7602433FD8F00388A6D /* ProfileViewController.swift */ = {isa = PBXFileReference; lastKnownFileType = sourcecode.swift; path = ProfileViewController.swift; sourceTree = "<group>"; };
		6367B7622433FD9C00388A6D /* SettingsViewController.swift */ = {isa = PBXFileReference; lastKnownFileType = sourcecode.swift; path = SettingsViewController.swift; sourceTree = "<group>"; };
		BED2B7EE243278DD0035C130 /* ExpandableListViewController.swift */ = {isa = PBXFileReference; lastKnownFileType = sourcecode.swift; path = ExpandableListViewController.swift; sourceTree = "<group>"; };
		BED2B7F124327A000035C130 /* Advices.json */ = {isa = PBXFileReference; lastKnownFileType = text.json; path = Advices.json; sourceTree = "<group>"; };
		BED2B7F324327A110035C130 /* Messages.json */ = {isa = PBXFileReference; lastKnownFileType = text.json; path = Messages.json; sourceTree = "<group>"; };
		BED2B7F5243281A00035C130 /* ExpandableListCell.swift */ = {isa = PBXFileReference; lastKnownFileType = sourcecode.swift; path = ExpandableListCell.swift; sourceTree = "<group>"; };
/* End PBXFileReference section */

/* Begin PBXFrameworksBuildPhase section */
		27A2F0BD242E4790009A80D7 /* Frameworks */ = {
			isa = PBXFrameworksBuildPhase;
			buildActionMask = 2147483647;
			files = (
			);
			runOnlyForDeploymentPostprocessing = 0;
		};
/* End PBXFrameworksBuildPhase section */

/* Begin PBXGroup section */
		2717C1012432A36D003C6A29 /* Model */ = {
			isa = PBXGroup;
			children = (
				2717C1022432A3B2003C6A29 /* Question.swift */,
			);
			path = Model;
			sourceTree = "<group>";
		};
		27A2F0B7242E4790009A80D7 = {
			isa = PBXGroup;
			children = (
				27A2F0C2242E4790009A80D7 /* Mental Health */,
				27A2F0C1242E4790009A80D7 /* Products */,
			);
			sourceTree = "<group>";
		};
		27A2F0C1242E4790009A80D7 /* Products */ = {
			isa = PBXGroup;
			children = (
				27A2F0C0242E4790009A80D7 /* Mental Health.app */,
			);
			name = Products;
			sourceTree = "<group>";
		};
		27A2F0C2242E4790009A80D7 /* Mental Health */ = {
			isa = PBXGroup;
			children = (
				27A2F0D7242E5807009A80D7 /* Classes */,
				27A2F0DF242E58DB009A80D7 /* Resources */,
				27A2F0D1242E4791009A80D7 /* Info.plist */,
			);
			path = "Mental Health";
			sourceTree = "<group>";
		};
		27A2F0D7242E5807009A80D7 /* Classes */ = {
			isa = PBXGroup;
			children = (
				27A2F0F3242F989B009A80D7 /* Utils */,
				27A2F0F4242F98A9009A80D7 /* Features */,
				27A2F0C3242E4790009A80D7 /* AppDelegate.swift */,
			);
			path = Classes;
			sourceTree = "<group>";
		};
		27A2F0D8242E5817009A80D7 /* Authentication */ = {
			isa = PBXGroup;
			children = (
			);
			path = Authentication;
			sourceTree = "<group>";
		};
		27A2F0DA242E5833009A80D7 /* Feed */ = {
			isa = PBXGroup;
			children = (
				27A2F0EC242E9C0F009A80D7 /* FeedViewController.swift */,
				6367B742242F8A1400388A6D /* FeedTableViewCell.swift */,
				6367B744242F935800388A6D /* FeedDetailViewController.swift */,
			);
			path = Feed;
			sourceTree = "<group>";
		};
		27A2F0DB242E5853009A80D7 /* Personal */ = {
			isa = PBXGroup;
			children = (
				BED2B7ED243278C20035C130 /* ExpandableList */,
				27A2F0EA242E9BF4009A80D7 /* PersonalViewController.swift */,
			);
			path = Personal;
			sourceTree = "<group>";
		};
		27A2F0DC242E585C009A80D7 /* Questionnaire */ = {
			isa = PBXGroup;
			children = (
				2717C1012432A36D003C6A29 /* Model */,
				27A2F0F0242F929E009A80D7 /* Views */,
				27A2F0E8242E9820009A80D7 /* QuestionnaireViewController.swift */,
				2717C0FF2432A0E4003C6A29 /* QuestionnaireViewModel.swift */,
			);
			path = Questionnaire;
			sourceTree = "<group>";
		};
		27A2F0DD242E5876009A80D7 /* More */ = {
			isa = PBXGroup;
			children = (
				27A2F0EE242E9C1D009A80D7 /* MoreViewController.swift */,
			);
			path = More;
			sourceTree = "<group>";
		};
		27A2F0DF242E58DB009A80D7 /* Resources */ = {
			isa = PBXGroup;
			children = (
				BED2B7F0243279E40035C130 /* Mock */,
				27A2F0C9242E4790009A80D7 /* Main.storyboard */,
				27A2F0E0242E5909009A80D7 /* Feed.storyboard */,
				27A2F0E2242E591B009A80D7 /* Personal.storyboard */,
				27A2F0E4242E592D009A80D7 /* Questionnaire.storyboard */,
				27A2F0E6242E5940009A80D7 /* More.storyboard */,
				6367B7482433FC4100388A6D /* Profile.storyboard */,
				6367B74A2433FC4D00388A6D /* Journal.storyboard */,
				6367B74C2433FC5900388A6D /* Settings.storyboard */,
				6367B74E2433FC6C00388A6D /* Contact.storyboard */,
				27A2F0CC242E4791009A80D7 /* Assets.xcassets */,
				27A2F0CE242E4791009A80D7 /* LaunchScreen.storyboard */,
			);
			path = Resources;
			sourceTree = "<group>";
		};
		27A2F0F0242F929E009A80D7 /* Views */ = {
			isa = PBXGroup;
			children = (
				27A2F0F1242F92BB009A80D7 /* QuestionTableViewCell.swift */,
				2717C1082432ABEC003C6A29 /* SendAnswersTableViewCell.swift */,
			);
			path = Views;
			sourceTree = "<group>";
		};
		27A2F0F3242F989B009A80D7 /* Utils */ = {
			isa = PBXGroup;
			children = (
				27A2F0F9242F994B009A80D7 /* Custon controls */,
				27A2F0F5242F9903009A80D7 /* CommonExtensions.swift */,
				27A2F0F7242F991C009A80D7 /* Utils.swift */,
			);
			path = Utils;
			sourceTree = "<group>";
		};
		27A2F0F4242F98A9009A80D7 /* Features */ = {
			isa = PBXGroup;
			children = (
				6367B75F2433FD7900388A6D /* Profile */,
				6367B7502433FD2400388A6D /* Contact */,
				6367B7572433FD2400388A6D /* Journal */,
				6367B7512433FD2400388A6D /* Settings */,
				27A2F0DD242E5876009A80D7 /* More */,
				27A2F0DC242E585C009A80D7 /* Questionnaire */,
				27A2F0DB242E5853009A80D7 /* Personal */,
				27A2F0DA242E5833009A80D7 /* Feed */,
				27A2F0D8242E5817009A80D7 /* Authentication */,
			);
			path = Features;
			sourceTree = "<group>";
		};
		27A2F0F9242F994B009A80D7 /* Custon controls */ = {
			isa = PBXGroup;
			children = (
				27A2F0FA242F99C4009A80D7 /* MHSlider.swift */,
				6367B7462433FADD00388A6D /* SwiftDisclosureIndicator.swift */,
			);
			path = "Custon controls";
			sourceTree = "<group>";
		};
		6367B7502433FD2400388A6D /* Contact */ = {
			isa = PBXGroup;
			children = (
				6367B75B2433FD3A00388A6D /* ContactViewController.swift */,
			);
			path = Contact;
			sourceTree = "<group>";
		};
		6367B7512433FD2400388A6D /* Settings */ = {
			isa = PBXGroup;
			children = (
				6367B7622433FD9C00388A6D /* SettingsViewController.swift */,
			);
			path = Settings;
			sourceTree = "<group>";
		};
		6367B7572433FD2400388A6D /* Journal */ = {
			isa = PBXGroup;
			children = (
				6367B75D2433FD4500388A6D /* JournalViewController.swift */,
			);
			path = Journal;
			sourceTree = "<group>";
		};
		6367B75F2433FD7900388A6D /* Profile */ = {
			isa = PBXGroup;
			children = (
				6367B7602433FD8F00388A6D /* ProfileViewController.swift */,
			);
			path = Profile;
			sourceTree = "<group>";
		};
		BED2B7ED243278C20035C130 /* ExpandableList */ = {
			isa = PBXGroup;
			children = (
				BED2B7EE243278DD0035C130 /* ExpandableListViewController.swift */,
				BED2B7F5243281A00035C130 /* ExpandableListCell.swift */,
			);
			path = ExpandableList;
			sourceTree = "<group>";
		};
		BED2B7F0243279E40035C130 /* Mock */ = {
			isa = PBXGroup;
			children = (
				2717C1062432A533003C6A29 /* Questionnaire.json */,
				BED2B7F124327A000035C130 /* Advices.json */,
				BED2B7F324327A110035C130 /* Messages.json */,
			);
			path = Mock;
			sourceTree = "<group>";
		};
/* End PBXGroup section */

/* Begin PBXNativeTarget section */
		27A2F0BF242E4790009A80D7 /* Mental Health */ = {
			isa = PBXNativeTarget;
			buildConfigurationList = 27A2F0D4242E4791009A80D7 /* Build configuration list for PBXNativeTarget "Mental Health" */;
			buildPhases = (
				27A2F0BC242E4790009A80D7 /* Sources */,
				27A2F0BD242E4790009A80D7 /* Frameworks */,
				27A2F0BE242E4790009A80D7 /* Resources */,
			);
			buildRules = (
			);
			dependencies = (
			);
			name = "Mental Health";
			productName = "Mental Health";
			productReference = 27A2F0C0242E4790009A80D7 /* Mental Health.app */;
			productType = "com.apple.product-type.application";
		};
/* End PBXNativeTarget section */

/* Begin PBXProject section */
		27A2F0B8242E4790009A80D7 /* Project object */ = {
			isa = PBXProject;
			attributes = {
				LastSwiftUpdateCheck = 1110;
				LastUpgradeCheck = 1110;
				ORGANIZATIONNAME = "Mihai Betej";
				TargetAttributes = {
					27A2F0BF242E4790009A80D7 = {
						CreatedOnToolsVersion = 11.1;
					};
				};
			};
			buildConfigurationList = 27A2F0BB242E4790009A80D7 /* Build configuration list for PBXProject "Mental Health" */;
			compatibilityVersion = "Xcode 9.3";
			developmentRegion = en;
			hasScannedForEncodings = 0;
			knownRegions = (
				en,
				Base,
			);
			mainGroup = 27A2F0B7242E4790009A80D7;
			productRefGroup = 27A2F0C1242E4790009A80D7 /* Products */;
			projectDirPath = "";
			projectRoot = "";
			targets = (
				27A2F0BF242E4790009A80D7 /* Mental Health */,
			);
		};
/* End PBXProject section */

/* Begin PBXResourcesBuildPhase section */
		27A2F0BE242E4790009A80D7 /* Resources */ = {
			isa = PBXResourcesBuildPhase;
			buildActionMask = 2147483647;
			files = (
				BED2B7F424327A110035C130 /* Messages.json in Resources */,
				6367B7492433FC4100388A6D /* Profile.storyboard in Resources */,
				27A2F0D0242E4791009A80D7 /* LaunchScreen.storyboard in Resources */,
				27A2F0E3242E591B009A80D7 /* Personal.storyboard in Resources */,
				27A2F0E7242E5940009A80D7 /* More.storyboard in Resources */,
				BED2B7F224327A000035C130 /* Advices.json in Resources */,
				2717C1072432A533003C6A29 /* Questionnaire.json in Resources */,
				27A2F0E5242E592D009A80D7 /* Questionnaire.storyboard in Resources */,
				6367B74B2433FC4D00388A6D /* Journal.storyboard in Resources */,
				27A2F0CD242E4791009A80D7 /* Assets.xcassets in Resources */,
				27A2F0E1242E5909009A80D7 /* Feed.storyboard in Resources */,
				6367B74D2433FC5900388A6D /* Settings.storyboard in Resources */,
				27A2F0CB242E4790009A80D7 /* Main.storyboard in Resources */,
				6367B74F2433FC6C00388A6D /* Contact.storyboard in Resources */,
			);
			runOnlyForDeploymentPostprocessing = 0;
		};
/* End PBXResourcesBuildPhase section */

/* Begin PBXSourcesBuildPhase section */
		27A2F0BC242E4790009A80D7 /* Sources */ = {
			isa = PBXSourcesBuildPhase;
			buildActionMask = 2147483647;
			files = (
				2717C1032432A3B2003C6A29 /* Question.swift in Sources */,
				27A2F0EF242E9C1D009A80D7 /* MoreViewController.swift in Sources */,
				6367B7632433FD9C00388A6D /* SettingsViewController.swift in Sources */,
				6367B7612433FD8F00388A6D /* ProfileViewController.swift in Sources */,
				6367B743242F8A1400388A6D /* FeedTableViewCell.swift in Sources */,
				2717C1002432A0E4003C6A29 /* QuestionnaireViewModel.swift in Sources */,
				27A2F0E9242E9820009A80D7 /* QuestionnaireViewController.swift in Sources */,
				6367B7472433FADD00388A6D /* SwiftDisclosureIndicator.swift in Sources */,
				27A2F0EB242E9BF4009A80D7 /* PersonalViewController.swift in Sources */,
				6367B75C2433FD3A00388A6D /* ContactViewController.swift in Sources */,
				BED2B7EF243278DD0035C130 /* ExpandableListViewController.swift in Sources */,
				27A2F0F2242F92BB009A80D7 /* QuestionTableViewCell.swift in Sources */,
				27A2F0ED242E9C0F009A80D7 /* FeedViewController.swift in Sources */,
				6367B75E2433FD4500388A6D /* JournalViewController.swift in Sources */,
				2717C1092432ABEC003C6A29 /* SendAnswersTableViewCell.swift in Sources */,
				6367B745242F935800388A6D /* FeedDetailViewController.swift in Sources */,
				27A2F0C4242E4790009A80D7 /* AppDelegate.swift in Sources */,
				27A2F0F6242F9904009A80D7 /* CommonExtensions.swift in Sources */,
				27A2F0F8242F991C009A80D7 /* Utils.swift in Sources */,
				BED2B7F6243281A00035C130 /* ExpandableListCell.swift in Sources */,
				27A2F0FB242F99C4009A80D7 /* MHSlider.swift in Sources */,
			);
			runOnlyForDeploymentPostprocessing = 0;
		};
/* End PBXSourcesBuildPhase section */

/* Begin PBXVariantGroup section */
		27A2F0C9242E4790009A80D7 /* Main.storyboard */ = {
			isa = PBXVariantGroup;
			children = (
				27A2F0CA242E4790009A80D7 /* Base */,
			);
			name = Main.storyboard;
			sourceTree = "<group>";
		};
		27A2F0CE242E4791009A80D7 /* LaunchScreen.storyboard */ = {
			isa = PBXVariantGroup;
			children = (
				27A2F0CF242E4791009A80D7 /* Base */,
			);
			name = LaunchScreen.storyboard;
			sourceTree = "<group>";
		};
/* End PBXVariantGroup section */

/* Begin XCBuildConfiguration section */
		27A2F0D2242E4791009A80D7 /* Debug */ = {
			isa = XCBuildConfiguration;
			buildSettings = {
				ALWAYS_SEARCH_USER_PATHS = NO;
				CLANG_ANALYZER_NONNULL = YES;
				CLANG_ANALYZER_NUMBER_OBJECT_CONVERSION = YES_AGGRESSIVE;
				CLANG_CXX_LANGUAGE_STANDARD = "gnu++14";
				CLANG_CXX_LIBRARY = "libc++";
				CLANG_ENABLE_MODULES = YES;
				CLANG_ENABLE_OBJC_ARC = YES;
				CLANG_ENABLE_OBJC_WEAK = YES;
				CLANG_WARN_BLOCK_CAPTURE_AUTORELEASING = YES;
				CLANG_WARN_BOOL_CONVERSION = YES;
				CLANG_WARN_COMMA = YES;
				CLANG_WARN_CONSTANT_CONVERSION = YES;
				CLANG_WARN_DEPRECATED_OBJC_IMPLEMENTATIONS = YES;
				CLANG_WARN_DIRECT_OBJC_ISA_USAGE = YES_ERROR;
				CLANG_WARN_DOCUMENTATION_COMMENTS = YES;
				CLANG_WARN_EMPTY_BODY = YES;
				CLANG_WARN_ENUM_CONVERSION = YES;
				CLANG_WARN_INFINITE_RECURSION = YES;
				CLANG_WARN_INT_CONVERSION = YES;
				CLANG_WARN_NON_LITERAL_NULL_CONVERSION = YES;
				CLANG_WARN_OBJC_IMPLICIT_RETAIN_SELF = YES;
				CLANG_WARN_OBJC_LITERAL_CONVERSION = YES;
				CLANG_WARN_OBJC_ROOT_CLASS = YES_ERROR;
				CLANG_WARN_RANGE_LOOP_ANALYSIS = YES;
				CLANG_WARN_STRICT_PROTOTYPES = YES;
				CLANG_WARN_SUSPICIOUS_MOVE = YES;
				CLANG_WARN_UNGUARDED_AVAILABILITY = YES_AGGRESSIVE;
				CLANG_WARN_UNREACHABLE_CODE = YES;
				CLANG_WARN__DUPLICATE_METHOD_MATCH = YES;
				COPY_PHASE_STRIP = NO;
				DEBUG_INFORMATION_FORMAT = dwarf;
				ENABLE_STRICT_OBJC_MSGSEND = YES;
				ENABLE_TESTABILITY = YES;
				GCC_C_LANGUAGE_STANDARD = gnu11;
				GCC_DYNAMIC_NO_PIC = NO;
				GCC_NO_COMMON_BLOCKS = YES;
				GCC_OPTIMIZATION_LEVEL = 0;
				GCC_PREPROCESSOR_DEFINITIONS = (
					"DEBUG=1",
					"$(inherited)",
				);
				GCC_WARN_64_TO_32_BIT_CONVERSION = YES;
				GCC_WARN_ABOUT_RETURN_TYPE = YES_ERROR;
				GCC_WARN_UNDECLARED_SELECTOR = YES;
				GCC_WARN_UNINITIALIZED_AUTOS = YES_AGGRESSIVE;
				GCC_WARN_UNUSED_FUNCTION = YES;
				GCC_WARN_UNUSED_VARIABLE = YES;
				IPHONEOS_DEPLOYMENT_TARGET = 13.1;
				MTL_ENABLE_DEBUG_INFO = INCLUDE_SOURCE;
				MTL_FAST_MATH = YES;
				ONLY_ACTIVE_ARCH = YES;
				SDKROOT = iphoneos;
				SWIFT_ACTIVE_COMPILATION_CONDITIONS = DEBUG;
				SWIFT_OPTIMIZATION_LEVEL = "-Onone";
			};
			name = Debug;
		};
		27A2F0D3242E4791009A80D7 /* Release */ = {
			isa = XCBuildConfiguration;
			buildSettings = {
				ALWAYS_SEARCH_USER_PATHS = NO;
				CLANG_ANALYZER_NONNULL = YES;
				CLANG_ANALYZER_NUMBER_OBJECT_CONVERSION = YES_AGGRESSIVE;
				CLANG_CXX_LANGUAGE_STANDARD = "gnu++14";
				CLANG_CXX_LIBRARY = "libc++";
				CLANG_ENABLE_MODULES = YES;
				CLANG_ENABLE_OBJC_ARC = YES;
				CLANG_ENABLE_OBJC_WEAK = YES;
				CLANG_WARN_BLOCK_CAPTURE_AUTORELEASING = YES;
				CLANG_WARN_BOOL_CONVERSION = YES;
				CLANG_WARN_COMMA = YES;
				CLANG_WARN_CONSTANT_CONVERSION = YES;
				CLANG_WARN_DEPRECATED_OBJC_IMPLEMENTATIONS = YES;
				CLANG_WARN_DIRECT_OBJC_ISA_USAGE = YES_ERROR;
				CLANG_WARN_DOCUMENTATION_COMMENTS = YES;
				CLANG_WARN_EMPTY_BODY = YES;
				CLANG_WARN_ENUM_CONVERSION = YES;
				CLANG_WARN_INFINITE_RECURSION = YES;
				CLANG_WARN_INT_CONVERSION = YES;
				CLANG_WARN_NON_LITERAL_NULL_CONVERSION = YES;
				CLANG_WARN_OBJC_IMPLICIT_RETAIN_SELF = YES;
				CLANG_WARN_OBJC_LITERAL_CONVERSION = YES;
				CLANG_WARN_OBJC_ROOT_CLASS = YES_ERROR;
				CLANG_WARN_RANGE_LOOP_ANALYSIS = YES;
				CLANG_WARN_STRICT_PROTOTYPES = YES;
				CLANG_WARN_SUSPICIOUS_MOVE = YES;
				CLANG_WARN_UNGUARDED_AVAILABILITY = YES_AGGRESSIVE;
				CLANG_WARN_UNREACHABLE_CODE = YES;
				CLANG_WARN__DUPLICATE_METHOD_MATCH = YES;
				COPY_PHASE_STRIP = NO;
				DEBUG_INFORMATION_FORMAT = "dwarf-with-dsym";
				ENABLE_NS_ASSERTIONS = NO;
				ENABLE_STRICT_OBJC_MSGSEND = YES;
				GCC_C_LANGUAGE_STANDARD = gnu11;
				GCC_NO_COMMON_BLOCKS = YES;
				GCC_WARN_64_TO_32_BIT_CONVERSION = YES;
				GCC_WARN_ABOUT_RETURN_TYPE = YES_ERROR;
				GCC_WARN_UNDECLARED_SELECTOR = YES;
				GCC_WARN_UNINITIALIZED_AUTOS = YES_AGGRESSIVE;
				GCC_WARN_UNUSED_FUNCTION = YES;
				GCC_WARN_UNUSED_VARIABLE = YES;
				IPHONEOS_DEPLOYMENT_TARGET = 13.1;
				MTL_ENABLE_DEBUG_INFO = NO;
				MTL_FAST_MATH = YES;
				SDKROOT = iphoneos;
				SWIFT_COMPILATION_MODE = wholemodule;
				SWIFT_OPTIMIZATION_LEVEL = "-O";
				VALIDATE_PRODUCT = YES;
			};
			name = Release;
		};
		27A2F0D5242E4791009A80D7 /* Debug */ = {
			isa = XCBuildConfiguration;
			buildSettings = {
				ASSETCATALOG_COMPILER_APPICON_NAME = AppIcon;
				CODE_SIGN_STYLE = Automatic;
				DEVELOPMENT_TEAM = H4NV4H58UW;
				INFOPLIST_FILE = "Mental Health/Info.plist";
				IPHONEOS_DEPLOYMENT_TARGET = 11.0;
				LD_RUNPATH_SEARCH_PATHS = (
					"$(inherited)",
					"@executable_path/Frameworks",
				);
				PRODUCT_BUNDLE_IDENTIFIER = "com.toiletpaperdispensers.Mental-Health";
				PRODUCT_NAME = "$(TARGET_NAME)";
				SWIFT_VERSION = 5.0;
				TARGETED_DEVICE_FAMILY = 1;
			};
			name = Debug;
		};
		27A2F0D6242E4791009A80D7 /* Release */ = {
			isa = XCBuildConfiguration;
			buildSettings = {
				ASSETCATALOG_COMPILER_APPICON_NAME = AppIcon;
				CODE_SIGN_STYLE = Automatic;
				DEVELOPMENT_TEAM = H4NV4H58UW;
				INFOPLIST_FILE = "Mental Health/Info.plist";
				IPHONEOS_DEPLOYMENT_TARGET = 11.0;
				LD_RUNPATH_SEARCH_PATHS = (
					"$(inherited)",
					"@executable_path/Frameworks",
				);
				PRODUCT_BUNDLE_IDENTIFIER = "com.toiletpaperdispensers.Mental-Health";
				PRODUCT_NAME = "$(TARGET_NAME)";
				SWIFT_VERSION = 5.0;
				TARGETED_DEVICE_FAMILY = 1;
			};
			name = Release;
		};
/* End XCBuildConfiguration section */

/* Begin XCConfigurationList section */
		27A2F0BB242E4790009A80D7 /* Build configuration list for PBXProject "Mental Health" */ = {
			isa = XCConfigurationList;
			buildConfigurations = (
				27A2F0D2242E4791009A80D7 /* Debug */,
				27A2F0D3242E4791009A80D7 /* Release */,
			);
			defaultConfigurationIsVisible = 0;
			defaultConfigurationName = Release;
		};
		27A2F0D4242E4791009A80D7 /* Build configuration list for PBXNativeTarget "Mental Health" */ = {
			isa = XCConfigurationList;
			buildConfigurations = (
				27A2F0D5242E4791009A80D7 /* Debug */,
				27A2F0D6242E4791009A80D7 /* Release */,
			);
			defaultConfigurationIsVisible = 0;
			defaultConfigurationName = Release;
		};
/* End XCConfigurationList section */
	};
	rootObject = 27A2F0B8242E4790009A80D7 /* Project object */;
}
